
Microsoft Visual Studio Solution File, Format Version 12.00
Project("{FAE04EC0-301F-11D3-BF4B-00C04F79EFBC}") = "TrustDesign", "TrustDesign\TrustDesign.csproj", "{4A4F4A4B-FFA9-4555-B8A1-F8944A1616C9}"
EndProject
Project("{FAE04EC0-301F-11D3-BF4B-00C04F79EFBC}") = "TrustDesgin_Domain", "TrustDesgin_Domain\TrustDesgin_Domain.csproj", "{94608CCA-43E6-44AB-BBF9-2EEE615B349A}"
EndProject
Project("{FAE04EC0-301F-11D3-BF4B-00C04F79EFBC}") = "TrustDesign_Core", "TrustDesign_Core\TrustDesign_Core.csproj", "{39DDC183-4200-439C-A393-EB6C4C853683}"
EndProject
Project("{FAE04EC0-301F-11D3-BF4B-00C04F79EFBC}") = "TrustDesign_Infra", "TrustDesign_Infra\TrustDesign_Infra.csproj", "{4C719E4E-C036-4FD9-8FB6-25AF93BE2B6E}"
EndProject
Project("{FAE04EC0-301F-11D3-BF4B-00C04F79EFBC}") = "Persistence", "Persistence\Persistence.csproj", "{C46B2678-BFD1-4AC9-A229-11CFEB94EBCF}"
EndProject
Global
	GlobalSection(SolutionConfigurationPlatforms) = preSolution
		Debug|Any CPU = Debug|Any CPU
		Release|Any CPU = Release|Any CPU
	EndGlobalSection
	GlobalSection(ProjectConfigurationPlatforms) = postSolution
		{4A4F4A4B-FFA9-4555-B8A1-F8944A1616C9}.Debug|Any CPU.ActiveCfg = Debug|Any CPU
		{4A4F4A4B-FFA9-4555-B8A1-F8944A1616C9}.Debug|Any CPU.Build.0 = Debug|Any CPU
		{4A4F4A4B-FFA9-4555-B8A1-F8944A1616C9}.Release|Any CPU.ActiveCfg = Release|Any CPU
		{4A4F4A4B-FFA9-4555-B8A1-F8944A1616C9}.Release|Any CPU.Build.0 = Release|Any CPU
		{94608CCA-43E6-44AB-BBF9-2EEE615B349A}.Debug|Any CPU.ActiveCfg = Debug|Any CPU
		{94608CCA-43E6-44AB-BBF9-2EEE615B349A}.Debug|Any CPU.Build.0 = Debug|Any CPU
		{94608CCA-43E6-44AB-BBF9-2EEE615B349A}.Release|Any CPU.ActiveCfg = Release|Any CPU
		{94608CCA-43E6-44AB-BBF9-2EEE615B349A}.Release|Any CPU.Build.0 = Release|Any CPU
		{39DDC183-4200-439C-A393-EB6C4C853683}.Debug|Any CPU.ActiveCfg = Debug|Any CPU
		{39DDC183-4200-439C-A393-EB6C4C853683}.Debug|Any CPU.Build.0 = Debug|Any CPU
		{39DDC183-4200-439C-A393-EB6C4C853683}.Release|Any CPU.ActiveCfg = Release|Any CPU
		{39DDC183-4200-439C-A393-EB6C4C853683}.Release|Any CPU.Build.0 = Release|Any CPU
		{4C719E4E-C036-4FD9-8FB6-25AF93BE2B6E}.Debug|Any CPU.ActiveCfg = Debug|Any CPU
		{4C719E4E-C036-4FD9-8FB6-25AF93BE2B6E}.Debug|Any CPU.Build.0 = Debug|Any CPU
		{4C719E4E-C036-4FD9-8FB6-25AF93BE2B6E}.Release|Any CPU.ActiveCfg = Release|Any CPU
		{4C719E4E-C036-4FD9-8FB6-25AF93BE2B6E}.Release|Any CPU.Build.0 = Release|Any CPU
		{C46B2678-BFD1-4AC9-A229-11CFEB94EBCF}.Debug|Any CPU.ActiveCfg = Debug|Any CPU
		{C46B2678-BFD1-4AC9-A229-11CFEB94EBCF}.Debug|Any CPU.Build.0 = Debug|Any CPU
		{C46B2678-BFD1-4AC9-A229-11CFEB94EBCF}.Release|Any CPU.ActiveCfg = Release|Any CPU
		{C46B2678-BFD1-4AC9-A229-11CFEB94EBCF}.Release|Any CPU.Build.0 = Release|Any CPU
	EndGlobalSection
EndGlobal
